
Microsoft Visual Studio Solution File, Format Version 12.00
# Visual Studio 15
VisualStudioVersion = 15.0.28307.271
MinimumVisualStudioVersion = 10.0.40219.1
Project("{FAE04EC0-301F-11D3-BF4B-00C04F79EFBC}") = "BugTracker", "BugTracker\BugTracker.csproj", "{FF656F00-028F-4378-8A3C-7753588860A0}"
EndProject
Global
	GlobalSection(SolutionConfigurationPlatforms) = preSolution
		Debug|Any CPU = Debug|Any CPU
		Release|Any CPU = Release|Any CPU
	EndGlobalSection
	GlobalSection(ProjectConfigurationPlatforms) = postSolution
		{FF656F00-028F-4378-8A3C-7753588860A0}.Debug|Any CPU.ActiveCfg = Debug|Any CPU
		{FF656F00-028F-4378-8A3C-7753588860A0}.Debug|Any CPU.Build.0 = Debug|Any CPU
		{FF656F00-028F-4378-8A3C-7753588860A0}.Release|Any CPU.ActiveCfg = Release|Any CPU
		{FF656F00-028F-4378-8A3C-7753588860A0}.Release|Any CPU.Build.0 = Release|Any CPU
	EndGlobalSection
	GlobalSection(SolutionProperties) = preSolution
		HideSolutionNode = FALSE
	EndGlobalSection
	GlobalSection(ExtensibilityGlobals) = postSolution
		SolutionGuid = {54D5C522-5F22-4A50-AAA9-891D6852F838}
	EndGlobalSection
EndGlobal
